[[package]]
name = "altgraph"
version = "0.17"
description = "Python graph (network) package"
category = "dev"
optional = false
python-versions = "*"

[[package]]
name = "argon2-cffi"
version = "20.1.0"
description = "The secure Argon2 password hashing algorithm."
category = "main"
optional = false
python-versions = "*"

[package.dependencies]
cffi = ">=1.0.0"
six = "*"

[package.extras]
dev = ["coverage[toml] (>=5.0.2)", "hypothesis", "pytest", "sphinx", "wheel", "pre-commit"]
docs = ["sphinx"]
tests = ["coverage[toml] (>=5.0.2)", "hypothesis", "pytest"]

[[package]]
name = "cffi"
version = "1.14.3"
description = "Foreign Function Interface for Python calling C code."
category = "main"
optional = false
python-versions = "*"

[package.dependencies]
pycparser = "*"

[[package]]
name = "colorama"
version = "0.4.4"
description = "Cross-platform colored terminal text."
category = "main"
optional = false
python-versions = ">=2.7, !=3.0.*, !=3.1.*, !=3.2.*, !=3.3.*, !=3.4.*"

[[package]]
name = "construct"
version = "2.10.54"
description = "A powerful declarative symmetric parser/builder for binary data"
category = "main"
optional = false
python-versions = "*"

[package.extras]
extras = ["enum34", "numpy", "arrow", "ruamel.yaml"]

[[package]]
name = "future"
version = "0.18.2"
description = "Clean single-source support for Python 3 and 2"
category = "main"
optional = false
python-versions = ">=2.6, !=3.0.*, !=3.1.*, !=3.2.*"

[[package]]
name = "isort"
version = "5.10.1"
description = "A Python utility / library to sort Python imports."
category = "dev"
optional = false
python-versions = ">=3.6.1,<4.0"

[package.extras]
pipfile_deprecated_finder = ["pipreqs", "requirementslib"]
requirements_deprecated_finder = ["pipreqs", "pip-api"]
colors = ["colorama (>=0.4.3,<0.5.0)"]
plugins = ["setuptools"]

[[package]]
name = "lxml"
version = "4.6.3"
description = "Powerful and Pythonic XML processing library combining libxml2/libxslt with the ElementTree API."
category = "main"
optional = false
python-versions = ">=2.7, !=3.0.*, !=3.1.*, !=3.2.*, !=3.3.*, != 3.4.*"

[package.extras]
cssselect = ["cssselect (>=0.7)"]
html5 = ["html5lib"]
htmlsoup = ["beautifulsoup4"]
source = ["Cython (>=0.29.7)"]

[[package]]
name = "macholib"
version = "1.14"
description = "Mach-O header analysis and editing"
category = "dev"
optional = false
python-versions = "*"

[package.dependencies]
altgraph = ">=0.15"

[[package]]
name = "pefile"
version = "2019.4.18"
description = "Python PE parsing module"
category = "dev"
optional = false
python-versions = "*"

[package.dependencies]
future = "*"

[[package]]
name = "pycparser"
version = "2.20"
description = "C parser in Python"
category = "main"
optional = false
python-versions = ">=2.7, !=3.0.*, !=3.1.*, !=3.2.*, !=3.3.*"

[[package]]
name = "pycryptodomex"
version = "3.9.9"
description = "Cryptographic library for Python"
category = "main"
optional = false
python-versions = ">=2.6, !=3.0.*, !=3.1.*, !=3.2.*, !=3.3.*"

[[package]]
name = "pyelftools"
version = "0.27"
description = "Library for analyzing ELF files and DWARF debugging information"
category = "dev"
optional = false
python-versions = "*"

[[package]]
name = "pyinstaller"
version = "4.5.1"
description = "PyInstaller bundles a Python application and all its dependencies into a single package."
category = "dev"
optional = false
python-versions = ">=3.6"

[package.dependencies]
altgraph = "*"
macholib = {version = ">=1.8", markers = "sys_platform == \"darwin\""}
pefile = {version = ">=2017.8.1", markers = "sys_platform == \"win32\""}
pyinstaller-hooks-contrib = ">=2020.6"
pywin32-ctypes = {version = ">=0.2.0", markers = "sys_platform == \"win32\""}

[package.extras]
encryption = ["tinyaes (>=1.0.0)"]
hook_testing = ["pytest (>=2.7.3)", "execnet (>=1.5.0)", "psutil"]

[[package]]
name = "pyinstaller-hooks-contrib"
version = "2020.10"
description = "Community maintained hooks for PyInstaller"
category = "dev"
optional = false
python-versions = "*"

[[package]]
name = "pykeepass"
version = "4.0.1"
description = "Python library to interact with keepass databases (supports KDBX3 and KDBX4)"
category = "main"
optional = false
python-versions = "*"

[package.dependencies]
argon2_cffi = "*"
construct = "2.10.54"
future = "*"
lxml = "*"
pycryptodomex = ">=3.6.2"
python-dateutil = "*"

[[package]]
name = "python-dateutil"
version = "2.8.1"
description = "Extensions to the standard Python datetime module"
category = "main"
optional = false
python-versions = "!=3.0.*,!=3.1.*,!=3.2.*,>=2.7"

[package.dependencies]
six = ">=1.5"

[[package]]
name = "pywin32-ctypes"
version = "0.2.0"
description = ""
category = "dev"
optional = false
python-versions = "*"

[[package]]
name = "six"
version = "1.15.0"
description = "Python 2 and 3 compatibility utilities"
category = "main"
optional = false
python-versions = ">=2.7, !=3.0.*, !=3.1.*, !=3.2.*"

[[package]]
name = "staticx"
version = "0.13.6"
description = "Build static self-extracting app from dynamic executable"
category = "dev"
optional = false
python-versions = ">=3.5"

[package.dependencies]
pyelftools = "*"

[metadata]
lock-version = "1.1"
python-versions = ">= 3.8, < 4.0"
content-hash = "dcf0661a22eeb20fd8c09549e251144c1d62873fd2a818972ffa24e87183893c"

[metadata.files]
altgraph = [
    {file = "altgraph-0.17-py2.py3-none-any.whl", hash = "sha256:c623e5f3408ca61d4016f23a681b9adb100802ca3e3da5e718915a9e4052cebe"},
    {file = "altgraph-0.17.tar.gz", hash = "sha256:1f05a47122542f97028caf78775a095fbe6a2699b5089de8477eb583167d69aa"},
]
argon2-cffi = [
    {file = "argon2-cffi-20.1.0.tar.gz", hash = "sha256:d8029b2d3e4b4cea770e9e5a0104dd8fa185c1724a0f01528ae4826a6d25f97d"},
    {file = "argon2_cffi-20.1.0-cp27-cp27m-macosx_10_6_intel.whl", hash = "sha256:6ea92c980586931a816d61e4faf6c192b4abce89aa767ff6581e6ddc985ed003"},
    {file = "argon2_cffi-20.1.0-cp27-cp27m-manylinux1_x86_64.whl", hash = "sha256:05a8ac07c7026542377e38389638a8a1e9b78f1cd8439cd7493b39f08dd75fbf"},
    {file = "argon2_cffi-20.1.0-cp27-cp27m-win32.whl", hash = "sha256:0bf066bc049332489bb2d75f69216416329d9dc65deee127152caeb16e5ce7d5"},
    {file = "argon2_cffi-20.1.0-cp27-cp27m-win_amd64.whl", hash = "sha256:57358570592c46c420300ec94f2ff3b32cbccd10d38bdc12dc6979c4a8484fbc"},
    {file = "argon2_cffi-20.1.0-cp27-cp27mu-manylinux1_x86_64.whl", hash = "sha256:7d455c802727710e9dfa69b74ccaab04568386ca17b0ad36350b622cd34606fe"},
    {file = "argon2_cffi-20.1.0-cp35-abi3-manylinux1_x86_64.whl", hash = "sha256:b160416adc0f012fb1f12588a5e6954889510f82f698e23ed4f4fa57f12a0647"},
    {file = "argon2_cffi-20.1.0-cp35-cp35m-win32.whl", hash = "sha256:9bee3212ba4f560af397b6d7146848c32a800652301843df06b9e8f68f0f7361"},
    {file = "argon2_cffi-20.1.0-cp35-cp35m-win_amd64.whl", hash = "sha256:392c3c2ef91d12da510cfb6f9bae52512a4552573a9e27600bdb800e05905d2b"},
    {file = "argon2_cffi-20.1.0-cp36-cp36m-win32.whl", hash = "sha256:ba7209b608945b889457f949cc04c8e762bed4fe3fec88ae9a6b7765ae82e496"},
    {file = "argon2_cffi-20.1.0-cp36-cp36m-win_amd64.whl", hash = "sha256:da7f0445b71db6d3a72462e04f36544b0de871289b0bc8a7cc87c0f5ec7079fa"},
    {file = "argon2_cffi-20.1.0-cp37-abi3-macosx_10_6_intel.whl", hash = "sha256:cc0e028b209a5483b6846053d5fd7165f460a1f14774d79e632e75e7ae64b82b"},
    {file = "argon2_cffi-20.1.0-cp37-cp37m-win32.whl", hash = "sha256:18dee20e25e4be86680b178b35ccfc5d495ebd5792cd00781548d50880fee5c5"},
    {file = "argon2_cffi-20.1.0-cp37-cp37m-win_amd64.whl", hash = "sha256:6678bb047373f52bcff02db8afab0d2a77d83bde61cfecea7c5c62e2335cb203"},
    {file = "argon2_cffi-20.1.0-cp38-cp38-win32.whl", hash = "sha256:77e909cc756ef81d6abb60524d259d959bab384832f0c651ed7dcb6e5ccdbb78"},
    {file = "argon2_cffi-20.1.0-cp38-cp38-win_amd64.whl", hash = "sha256:9dfd5197852530294ecb5795c97a823839258dfd5eb9420233c7cfedec2058f2"},
    {file = "argon2_cffi-20.1.0-cp39-cp39-win32.whl", hash = "sha256:e2db6e85c057c16d0bd3b4d2b04f270a7467c147381e8fd73cbbe5bc719832be"},
    {file = "argon2_cffi-20.1.0-cp39-cp39-win_amd64.whl", hash = "sha256:8a84934bd818e14a17943de8099d41160da4a336bcc699bb4c394bbb9b94bd32"},
    {file = "argon2_cffi-20.1.0-pp36-pypy36_pp73-macosx_10_7_x86_64.whl", hash = "sha256:b94042e5dcaa5d08cf104a54bfae614be502c6f44c9c89ad1535b2ebdaacbd4c"},
    {file = "argon2_cffi-20.1.0-pp36-pypy36_pp73-win32.whl", hash = "sha256:8282b84ceb46b5b75c3a882b28856b8cd7e647ac71995e71b6705ec06fc232c3"},
    {file = "argon2_cffi-20.1.0-pp37-pypy37_pp73-macosx_10_7_x86_64.whl", hash = "sha256:3aa804c0e52f208973845e8b10c70d8957c9e5a666f702793256242e9167c4e0"},
    {file = "argon2_cffi-20.1.0-pp37-pypy37_pp73-win_amd64.whl", hash = "sha256:36320372133a003374ef4275fbfce78b7ab581440dfca9f9471be3dd9a522428"},
]
cffi = [
    {file = "cffi-1.14.3-2-cp27-cp27m-macosx_10_9_x86_64.whl", hash = "sha256:3eeeb0405fd145e714f7633a5173318bd88d8bbfc3dd0a5751f8c4f70ae629bc"},
    {file = "cffi-1.14.3-2-cp35-cp35m-macosx_10_9_x86_64.whl", hash = "sha256:cb763ceceae04803adcc4e2d80d611ef201c73da32d8f2722e9d0ab0c7f10768"},
    {file = "cffi-1.14.3-2-cp36-cp36m-macosx_10_9_x86_64.whl", hash = "sha256:44f60519595eaca110f248e5017363d751b12782a6f2bd6a7041cba275215f5d"},
    {file = "cffi-1.14.3-2-cp37-cp37m-macosx_10_9_x86_64.whl", hash = "sha256:c53af463f4a40de78c58b8b2710ade243c81cbca641e34debf3396a9640d6ec1"},
    {file = "cffi-1.14.3-2-cp38-cp38-macosx_10_9_x86_64.whl", hash = "sha256:33c6cdc071ba5cd6d96769c8969a0531be2d08c2628a0143a10a7dcffa9719ca"},
    {file = "cffi-1.14.3-2-cp39-cp39-macosx_10_9_x86_64.whl", hash = "sha256:c11579638288e53fc94ad60022ff1b67865363e730ee41ad5e6f0a17188b327a"},
    {file = "cffi-1.14.3-cp27-cp27m-manylinux1_i686.whl", hash = "sha256:3cb3e1b9ec43256c4e0f8d2837267a70b0e1ca8c4f456685508ae6106b1f504c"},
    {file = "cffi-1.14.3-cp27-cp27m-manylinux1_x86_64.whl", hash = "sha256:f0620511387790860b249b9241c2f13c3a80e21a73e0b861a2df24e9d6f56730"},
    {file = "cffi-1.14.3-cp27-cp27m-win32.whl", hash = "sha256:005f2bfe11b6745d726dbb07ace4d53f057de66e336ff92d61b8c7e9c8f4777d"},
    {file = "cffi-1.14.3-cp27-cp27m-win_amd64.whl", hash = "sha256:2f9674623ca39c9ebe38afa3da402e9326c245f0f5ceff0623dccdac15023e05"},
    {file = "cffi-1.14.3-cp27-cp27mu-manylinux1_i686.whl", hash = "sha256:09e96138280241bd355cd585148dec04dbbedb4f46128f340d696eaafc82dd7b"},
    {file = "cffi-1.14.3-cp27-cp27mu-manylinux1_x86_64.whl", hash = "sha256:3363e77a6176afb8823b6e06db78c46dbc4c7813b00a41300a4873b6ba63b171"},
    {file = "cffi-1.14.3-cp35-cp35m-manylinux1_i686.whl", hash = "sha256:0ef488305fdce2580c8b2708f22d7785ae222d9825d3094ab073e22e93dfe51f"},
    {file = "cffi-1.14.3-cp35-cp35m-manylinux1_x86_64.whl", hash = "sha256:0b1ad452cc824665ddc682400b62c9e4f5b64736a2ba99110712fdee5f2505c4"},
    {file = "cffi-1.14.3-cp35-cp35m-win32.whl", hash = "sha256:85ba797e1de5b48aa5a8427b6ba62cf69607c18c5d4eb747604b7302f1ec382d"},
    {file = "cffi-1.14.3-cp35-cp35m-win_amd64.whl", hash = "sha256:e66399cf0fc07de4dce4f588fc25bfe84a6d1285cc544e67987d22663393926d"},
    {file = "cffi-1.14.3-cp36-cp36m-manylinux1_i686.whl", hash = "sha256:15f351bed09897fbda218e4db5a3d5c06328862f6198d4fb385f3e14e19decb3"},
    {file = "cffi-1.14.3-cp36-cp36m-manylinux1_x86_64.whl", hash = "sha256:4d7c26bfc1ea9f92084a1d75e11999e97b62d63128bcc90c3624d07813c52808"},
    {file = "cffi-1.14.3-cp36-cp36m-manylinux2014_aarch64.whl", hash = "sha256:23e5d2040367322824605bc29ae8ee9175200b92cb5483ac7d466927a9b3d537"},
    {file = "cffi-1.14.3-cp36-cp36m-win32.whl", hash = "sha256:a624fae282e81ad2e4871bdb767e2c914d0539708c0f078b5b355258293c98b0"},
    {file = "cffi-1.14.3-cp36-cp36m-win_amd64.whl", hash = "sha256:de31b5164d44ef4943db155b3e8e17929707cac1e5bd2f363e67a56e3af4af6e"},
    {file = "cffi-1.14.3-cp37-cp37m-manylinux1_i686.whl", hash = "sha256:f92cdecb618e5fa4658aeb97d5eb3d2f47aa94ac6477c6daf0f306c5a3b9e6b1"},
    {file = "cffi-1.14.3-cp37-cp37m-manylinux1_x86_64.whl", hash = "sha256:22399ff4870fb4c7ef19fff6eeb20a8bbf15571913c181c78cb361024d574579"},
    {file = "cffi-1.14.3-cp37-cp37m-manylinux2014_aarch64.whl", hash = "sha256:f4eae045e6ab2bb54ca279733fe4eb85f1effda392666308250714e01907f394"},
    {file = "cffi-1.14.3-cp37-cp37m-win32.whl", hash = "sha256:b0358e6fefc74a16f745afa366acc89f979040e0cbc4eec55ab26ad1f6a9bfbc"},
    {file = "cffi-1.14.3-cp37-cp37m-win_amd64.whl", hash = "sha256:6642f15ad963b5092d65aed022d033c77763515fdc07095208f15d3563003869"},
    {file = "cffi-1.14.3-cp38-cp38-manylinux1_i686.whl", hash = "sha256:2791f68edc5749024b4722500e86303a10d342527e1e3bcac47f35fbd25b764e"},
    {file = "cffi-1.14.3-cp38-cp38-manylinux1_x86_64.whl", hash = "sha256:529c4ed2e10437c205f38f3691a68be66c39197d01062618c55f74294a4a4828"},
    {file = "cffi-1.14.3-cp38-cp38-manylinux2014_aarch64.whl", hash = "sha256:8f0f1e499e4000c4c347a124fa6a27d37608ced4fe9f7d45070563b7c4c370c9"},
    {file = "cffi-1.14.3-cp38-cp38-win32.whl", hash = "sha256:3b8eaf915ddc0709779889c472e553f0d3e8b7bdf62dab764c8921b09bf94522"},
    {file = "cffi-1.14.3-cp38-cp38-win_amd64.whl", hash = "sha256:bbd2f4dfee1079f76943767fce837ade3087b578aeb9f69aec7857d5bf25db15"},
    {file = "cffi-1.14.3-cp39-cp39-manylinux1_i686.whl", hash = "sha256:cc75f58cdaf043fe6a7a6c04b3b5a0e694c6a9e24050967747251fb80d7bce0d"},
    {file = "cffi-1.14.3-cp39-cp39-manylinux1_x86_64.whl", hash = "sha256:bf39a9e19ce7298f1bd6a9758fa99707e9e5b1ebe5e90f2c3913a47bc548747c"},
    {file = "cffi-1.14.3-cp39-cp39-win32.whl", hash = "sha256:d80998ed59176e8cba74028762fbd9b9153b9afc71ea118e63bbf5d4d0f9552b"},
    {file = "cffi-1.14.3-cp39-cp39-win_amd64.whl", hash = "sha256:c150eaa3dadbb2b5339675b88d4573c1be3cb6f2c33a6c83387e10cc0bf05bd3"},
    {file = "cffi-1.14.3.tar.gz", hash = "sha256:f92f789e4f9241cd262ad7a555ca2c648a98178a953af117ef7fad46aa1d5591"},
]
colorama = [
    {file = "colorama-0.4.4-py2.py3-none-any.whl", hash = "sha256:9f47eda37229f68eee03b24b9748937c7dc3868f906e8ba69fbcbdd3bc5dc3e2"},
    {file = "colorama-0.4.4.tar.gz", hash = "sha256:5941b2b48a20143d2267e95b1c2a7603ce057ee39fd88e7329b0c292aa16869b"},
]
construct = [
    {file = "construct-2.10.54.tar.gz", hash = "sha256:3c130a67f05610557dd1b27e062a7165f92b517f9ed50db880ebe068696fd712"},
]
future = [
    {file = "future-0.18.2.tar.gz", hash = "sha256:b1bead90b70cf6ec3f0710ae53a525360fa360d306a86583adc6bf83a4db537d"},
]
isort = [
    {file = "isort-5.10.1-py3-none-any.whl", hash = "sha256:6f62d78e2f89b4500b080fe3a81690850cd254227f27f75c3a0c491a1f351ba7"},
    {file = "isort-5.10.1.tar.gz", hash = "sha256:e8443a5e7a020e9d7f97f1d7d9cd17c88bcb3bc7e218bf9cf5095fe550be2951"},
]
lxml = [
    {file = "lxml-4.6.3-cp27-cp27m-macosx_10_9_x86_64.whl", hash = "sha256:df7c53783a46febb0e70f6b05df2ba104610f2fb0d27023409734a3ecbb78fb2"},
    {file = "lxml-4.6.3-cp27-cp27m-manylinux1_i686.whl", hash = "sha256:1b7584d421d254ab86d4f0b13ec662a9014397678a7c4265a02a6d7c2b18a75f"},
    {file = "lxml-4.6.3-cp27-cp27m-manylinux1_x86_64.whl", hash = "sha256:079f3ae844f38982d156efce585bc540c16a926d4436712cf4baee0cce487a3d"},
    {file = "lxml-4.6.3-cp27-cp27m-win32.whl", hash = "sha256:bc4313cbeb0e7a416a488d72f9680fffffc645f8a838bd2193809881c67dd106"},
    {file = "lxml-4.6.3-cp27-cp27m-win_amd64.whl", hash = "sha256:8157dadbb09a34a6bd95a50690595e1fa0af1a99445e2744110e3dca7831c4ee"},
    {file = "lxml-4.6.3-cp27-cp27mu-manylinux1_i686.whl", hash = "sha256:7728e05c35412ba36d3e9795ae8995e3c86958179c9770e65558ec3fdfd3724f"},
    {file = "lxml-4.6.3-cp27-cp27mu-manylinux1_x86_64.whl", hash = "sha256:4bff24dfeea62f2e56f5bab929b4428ae6caba2d1eea0c2d6eb618e30a71e6d4"},
    {file = "lxml-4.6.3-cp310-cp310-manylinux_2_12_i686.manylinux2010_i686.manylinux_2_24_i686.whl", hash = "sha256:64812391546a18896adaa86c77c59a4998f33c24788cadc35789e55b727a37f4"},
    {file = "lxml-4.6.3-cp310-cp310-manylinux_2_17_x86_64.manylinux2014_x86_64.manylinux_2_24_x86_64.whl", hash = "sha256:c1a40c06fd5ba37ad39caa0b3144eb3772e813b5fb5b084198a985431c2f1e8d"},
    {file = "lxml-4.6.3-cp35-cp35m-manylinux1_i686.whl", hash = "sha256:74f7d8d439b18fa4c385f3f5dfd11144bb87c1da034a466c5b5577d23a1d9b51"},
    {file = "lxml-4.6.3-cp35-cp35m-manylinux1_x86_64.whl", hash = "sha256:f90ba11136bfdd25cae3951af8da2e95121c9b9b93727b1b896e3fa105b2f586"},
    {file = "lxml-4.6.3-cp35-cp35m-manylinux2010_i686.whl", hash = "sha256:4c61b3a0db43a1607d6264166b230438f85bfed02e8cff20c22e564d0faff354"},
    {file = "lxml-4.6.3-cp35-cp35m-manylinux2014_x86_64.whl", hash = "sha256:5c8c163396cc0df3fd151b927e74f6e4acd67160d6c33304e805b84293351d16"},
    {file = "lxml-4.6.3-cp35-cp35m-win32.whl", hash = "sha256:f2380a6376dfa090227b663f9678150ef27543483055cc327555fb592c5967e2"},
    {file = "lxml-4.6.3-cp35-cp35m-win_amd64.whl", hash = "sha256:c4f05c5a7c49d2fb70223d0d5bcfbe474cf928310ac9fa6a7c6dddc831d0b1d4"},
    {file = "lxml-4.6.3-cp36-cp36m-macosx_10_9_x86_64.whl", hash = "sha256:d2e35d7bf1c1ac8c538f88d26b396e73dd81440d59c1ef8522e1ea77b345ede4"},
    {file = "lxml-4.6.3-cp36-cp36m-manylinux1_i686.whl", hash = "sha256:289e9ca1a9287f08daaf796d96e06cb2bc2958891d7911ac7cae1c5f9e1e0ee3"},
    {file = "lxml-4.6.3-cp36-cp36m-manylinux1_x86_64.whl", hash = "sha256:bccbfc27563652de7dc9bdc595cb25e90b59c5f8e23e806ed0fd623755b6565d"},
    {file = "lxml-4.6.3-cp36-cp36m-manylinux2010_i686.whl", hash = "sha256:d916d31fd85b2f78c76400d625076d9124de3e4bda8b016d25a050cc7d603f24"},
    {file = "lxml-4.6.3-cp36-cp36m-manylinux2014_aarch64.whl", hash = "sha256:820628b7b3135403540202e60551e741f9b6d3304371712521be939470b454ec"},
    {file = "lxml-4.6.3-cp36-cp36m-manylinux2014_x86_64.whl", hash = "sha256:c47ff7e0a36d4efac9fd692cfa33fbd0636674c102e9e8d9b26e1b93a94e7617"},
    {file = "lxml-4.6.3-cp36-cp36m-win32.whl", hash = "sha256:5a0a14e264069c03e46f926be0d8919f4105c1623d620e7ec0e612a2e9bf1c04"},
    {file = "lxml-4.6.3-cp36-cp36m-win_amd64.whl", hash = "sha256:92e821e43ad382332eade6812e298dc9701c75fe289f2a2d39c7960b43d1e92a"},
    {file = "lxml-4.6.3-cp37-cp37m-macosx_10_9_x86_64.whl", hash = "sha256:efd7a09678fd8b53117f6bae4fa3825e0a22b03ef0a932e070c0bdbb3a35e654"},
    {file = "lxml-4.6.3-cp37-cp37m-manylinux1_i686.whl", hash = "sha256:efac139c3f0bf4f0939f9375af4b02c5ad83a622de52d6dfa8e438e8e01d0eb0"},
    {file = "lxml-4.6.3-cp37-cp37m-manylinux1_x86_64.whl", hash = "sha256:0fbcf5565ac01dff87cbfc0ff323515c823081c5777a9fc7703ff58388c258c3"},
    {file = "lxml-4.6.3-cp37-cp37m-manylinux2010_i686.whl", hash = "sha256:36108c73739985979bf302006527cf8a20515ce444ba916281d1c43938b8bb96"},
    {file = "lxml-4.6.3-cp37-cp37m-manylinux2014_aarch64.whl", hash = "sha256:122fba10466c7bd4178b07dba427aa516286b846b2cbd6f6169141917283aae2"},
    {file = "lxml-4.6.3-cp37-cp37m-manylinux2014_x86_64.whl", hash = "sha256:cdaf11d2bd275bf391b5308f86731e5194a21af45fbaaaf1d9e8147b9160ea92"},
    {file = "lxml-4.6.3-cp37-cp37m-win32.whl", hash = "sha256:3439c71103ef0e904ea0a1901611863e51f50b5cd5e8654a151740fde5e1cade"},
    {file = "lxml-4.6.3-cp37-cp37m-win_amd64.whl", hash = "sha256:4289728b5e2000a4ad4ab8da6e1db2e093c63c08bdc0414799ee776a3f78da4b"},
    {file = "lxml-4.6.3-cp38-cp38-macosx_10_9_x86_64.whl", hash = "sha256:b007cbb845b28db4fb8b6a5cdcbf65bacb16a8bd328b53cbc0698688a68e1caa"},
    {file = "lxml-4.6.3-cp38-cp38-manylinux1_i686.whl", hash = "sha256:76fa7b1362d19f8fbd3e75fe2fb7c79359b0af8747e6f7141c338f0bee2f871a"},
    {file = "lxml-4.6.3-cp38-cp38-manylinux1_x86_64.whl", hash = "sha256:26e761ab5b07adf5f555ee82fb4bfc35bf93750499c6c7614bd64d12aaa67927"},
    {file = "lxml-4.6.3-cp38-cp38-manylinux2010_i686.whl", hash = "sha256:e1cbd3f19a61e27e011e02f9600837b921ac661f0c40560eefb366e4e4fb275e"},
    {file = "lxml-4.6.3-cp38-cp38-manylinux2014_aarch64.whl", hash = "sha256:66e575c62792c3f9ca47cb8b6fab9e35bab91360c783d1606f758761810c9791"},
    {file = "lxml-4.6.3-cp38-cp38-manylinux2014_x86_64.whl", hash = "sha256:1b38116b6e628118dea5b2186ee6820ab138dbb1e24a13e478490c7db2f326ae"},
    {file = "lxml-4.6.3-cp38-cp38-win32.whl", hash = "sha256:89b8b22a5ff72d89d48d0e62abb14340d9e99fd637d046c27b8b257a01ffbe28"},
    {file = "lxml-4.6.3-cp38-cp38-win_amd64.whl", hash = "sha256:2a9d50e69aac3ebee695424f7dbd7b8c6d6eb7de2a2eb6b0f6c7db6aa41e02b7"},
    {file = "lxml-4.6.3-cp39-cp39-macosx_10_9_x86_64.whl", hash = "sha256:ce256aaa50f6cc9a649c51be3cd4ff142d67295bfc4f490c9134d0f9f6d58ef0"},
    {file = "lxml-4.6.3-cp39-cp39-manylinux1_i686.whl", hash = "sha256:7610b8c31688f0b1be0ef882889817939490a36d0ee880ea562a4e1399c447a1"},
    {file = "lxml-4.6.3-cp39-cp39-manylinux1_x86_64.whl", hash = "sha256:f8380c03e45cf09f8557bdaa41e1fa7c81f3ae22828e1db470ab2a6c96d8bc23"},
    {file = "lxml-4.6.3-cp39-cp39-manylinux2010_i686.whl", hash = "sha256:3082c518be8e97324390614dacd041bb1358c882d77108ca1957ba47738d9d59"},
    {file = "lxml-4.6.3-cp39-cp39-manylinux2014_aarch64.whl", hash = "sha256:884ab9b29feaca361f7f88d811b1eea9bfca36cf3da27768d28ad45c3ee6f969"},
    {file = "lxml-4.6.3-cp39-cp39-manylinux2014_x86_64.whl", hash = "sha256:6f12e1427285008fd32a6025e38e977d44d6382cf28e7201ed10d6c1698d2a9a"},
    {file = "lxml-4.6.3-cp39-cp39-win32.whl", hash = "sha256:33bb934a044cf32157c12bfcfbb6649807da20aa92c062ef51903415c704704f"},
    {file = "lxml-4.6.3-cp39-cp39-win_amd64.whl", hash = "sha256:542d454665a3e277f76954418124d67516c5f88e51a900365ed54a9806122b83"},
    {file = "lxml-4.6.3.tar.gz", hash = "sha256:39b78571b3b30645ac77b95f7c69d1bffc4cf8c3b157c435a34da72e78c82468"},
]
macholib = [
    {file = "macholib-1.14-py2.py3-none-any.whl", hash = "sha256:c500f02867515e6c60a27875b408920d18332ddf96b4035ef03beddd782d4281"},
    {file = "macholib-1.14.tar.gz", hash = "sha256:0c436bc847e7b1d9bda0560351bf76d7caf930fb585a828d13608839ef42c432"},
]
pefile = [
    {file = "pefile-2019.4.18.tar.gz", hash = "sha256:a5d6e8305c6b210849b47a6174ddf9c452b2888340b8177874b862ba6c207645"},
]
pycparser = [
    {file = "pycparser-2.20-py2.py3-none-any.whl", hash = "sha256:7582ad22678f0fcd81102833f60ef8d0e57288b6b5fb00323d101be910e35705"},
    {file = "pycparser-2.20.tar.gz", hash = "sha256:2d475327684562c3a96cc71adf7dc8c4f0565175cf86b6d7a404ff4c771f15f0"},
]
pycryptodomex = [
    {file = "pycryptodomex-3.9.9-cp27-cp27m-macosx_10_6_intel.whl", hash = "sha256:5e486cab2dfcfaec934dd4f5d5837f4a9428b690f4d92a3b020fd31d1497ca64"},
    {file = "pycryptodomex-3.9.9-cp27-cp27m-manylinux1_i686.whl", hash = "sha256:42669638e4f7937b7141044a2fbd1019caca62bd2cdd8b535f731426ab07bde1"},
    {file = "pycryptodomex-3.9.9-cp27-cp27m-manylinux1_x86_64.whl", hash = "sha256:4ce1fc1e6d2fd2d6dc197607153327989a128c093e0e94dca63408f506622c3e"},
    {file = "pycryptodomex-3.9.9-cp27-cp27m-win32.whl", hash = "sha256:d2d1388595cb5d27d9220d5cbaff4f37c6ec696a25882eb06d224d241e6e93fb"},
    {file = "pycryptodomex-3.9.9-cp27-cp27m-win_amd64.whl", hash = "sha256:a1d38a96da57e6103423a446079ead600b450cf0f8ebf56a231895abf77e7ffc"},
    {file = "pycryptodomex-3.9.9-cp27-cp27mu-manylinux1_i686.whl", hash = "sha256:934e460c5058346c6f1d62fdf3db5680fbdfbfd212722d24d8277bf47cd9ebdc"},
    {file = "pycryptodomex-3.9.9-cp27-cp27mu-manylinux1_x86_64.whl", hash = "sha256:3642252d7bfc4403a42050e18ba748bedebd5a998a8cba89665a4f42aea4c380"},
    {file = "pycryptodomex-3.9.9-cp35-cp35m-macosx_10_6_intel.whl", hash = "sha256:a385fceaa0cdb97f0098f1c1e9ec0b46cc09186ddf60ec23538e871b1dddb6dc"},
    {file = "pycryptodomex-3.9.9-cp35-cp35m-manylinux1_i686.whl", hash = "sha256:73240335f4a1baf12880ebac6df66ab4d3a9212db9f3efe809c36a27280d16f8"},
    {file = "pycryptodomex-3.9.9-cp35-cp35m-manylinux1_x86_64.whl", hash = "sha256:305e3c46f20d019cd57543c255e7ba49e432e275d7c0de8913b6dbe57a851bc8"},
    {file = "pycryptodomex-3.9.9-cp35-cp35m-manylinux2014_aarch64.whl", hash = "sha256:871852044f55295449fbf225538c2c4118525093c32f0a6c43c91bed0452d7e3"},
    {file = "pycryptodomex-3.9.9-cp36-cp36m-macosx_10_6_intel.whl", hash = "sha256:4632d55a140b28e20be3cd7a3057af52fb747298ff0fd3290d4e9f245b5004ba"},
    {file = "pycryptodomex-3.9.9-cp36-cp36m-manylinux1_i686.whl", hash = "sha256:a9aac1a30b00b5038d3d8e48248f3b58ea15c827b67325c0d18a447552e30fc8"},
    {file = "pycryptodomex-3.9.9-cp36-cp36m-manylinux1_x86_64.whl", hash = "sha256:a7cf1c14e47027d9fb9d26aa62e5d603994227bd635e58a8df4b1d2d1b6a8ed7"},
    {file = "pycryptodomex-3.9.9-cp36-cp36m-manylinux2014_aarch64.whl", hash = "sha256:20fb7f4efc494016eab1bc2f555bc0a12dd5ca61f35c95df8061818ffb2c20a3"},
    {file = "pycryptodomex-3.9.9-cp36-cp36m-win32.whl", hash = "sha256:892e93f3e7e10c751d6c17fa0dc422f7984cfd5eb6690011f9264dc73e2775fc"},
    {file = "pycryptodomex-3.9.9-cp36-cp36m-win_amd64.whl", hash = "sha256:28ee3bcb4d609aea3040cad995a8e2c9c6dc57c12183dadd69e53880c35333b9"},
    {file = "pycryptodomex-3.9.9-cp37-cp37m-macosx_10_6_intel.whl", hash = "sha256:d62fbab185a6b01c5469eda9f0795f3d1a5bba24f5a5813f362e4b73a3c4dc70"},
    {file = "pycryptodomex-3.9.9-cp37-cp37m-manylinux1_i686.whl", hash = "sha256:bef9e9d39393dc7baec39ba4bac6c73826a4db02114cdeade2552a9d6afa16e2"},
    {file = "pycryptodomex-3.9.9-cp37-cp37m-manylinux1_x86_64.whl", hash = "sha256:f20a62397e09704049ce9007bea4f6bad965ba9336a760c6f4ef1b4192e12d6d"},
    {file = "pycryptodomex-3.9.9-cp37-cp37m-manylinux2014_aarch64.whl", hash = "sha256:c885fe4d5f26ce8ca20c97d02e88f5fdd92c01e1cc771ad0951b21e1641faf6d"},
    {file = "pycryptodomex-3.9.9-cp37-cp37m-win32.whl", hash = "sha256:f81f7311250d9480e36dec819127897ae772e7e8de07abfabe931b8566770b8e"},
    {file = "pycryptodomex-3.9.9-cp37-cp37m-win_amd64.whl", hash = "sha256:55cf4e99b3ba0122dee570dc7661b97bf35c16aab3e2ccb5070709d282a1c7ab"},
    {file = "pycryptodomex-3.9.9-cp38-cp38-macosx_10_9_x86_64.whl", hash = "sha256:15c03ffdac17731b126880622823d30d0a3cc7203cd219e6b9814140a44e7fab"},
    {file = "pycryptodomex-3.9.9-cp38-cp38-manylinux1_i686.whl", hash = "sha256:3547b87b16aad6afb28c9b3a9cd870e11b5e7b5ac649b74265258d96d8de1130"},
    {file = "pycryptodomex-3.9.9-cp38-cp38-manylinux1_x86_64.whl", hash = "sha256:65ec88c8271448d2ea109d35c1f297b09b872c57214ab7e832e413090d3469a9"},
    {file = "pycryptodomex-3.9.9-cp38-cp38-manylinux2014_aarch64.whl", hash = "sha256:404faa3e518f8bea516aae2aac47d4d960397199a15b4bd6f66cad97825469a0"},
    {file = "pycryptodomex-3.9.9-cp38-cp38-win32.whl", hash = "sha256:d2e853e0f9535e693fade97768cf7293f3febabecc5feb1e9b2ffdfe1044ab96"},
    {file = "pycryptodomex-3.9.9-cp38-cp38-win_amd64.whl", hash = "sha256:836fe39282e75311ce4c38468be148f7fac0df3d461c5de58c5ff1ddb8966bac"},
    {file = "pycryptodomex-3.9.9-cp39-cp39-manylinux1_i686.whl", hash = "sha256:4a88c9383d273bdce3afc216020282c9c5c39ec0bd9462b1a206af6afa377cf0"},
    {file = "pycryptodomex-3.9.9-cp39-cp39-manylinux1_x86_64.whl", hash = "sha256:9736f3f3e1761024200637a080a4f922f5298ad5d780e10dbb5634fe8c65b34c"},
    {file = "pycryptodomex-3.9.9-cp39-cp39-manylinux2014_aarch64.whl", hash = "sha256:6c95a3361ce70068cf69526a58751f73ddac5ba27a3c2379b057efa2f5338c8c"},
    {file = "pycryptodomex-3.9.9-cp39-cp39-win32.whl", hash = "sha256:b696876ee583d15310be57311e90e153a84b7913ac93e6b99675c0c9867926d0"},
    {file = "pycryptodomex-3.9.9-cp39-cp39-win_amd64.whl", hash = "sha256:7651211e15109ac0058a49159265d9f6e6423c8a81c65434d3c56d708417a05b"},
    {file = "pycryptodomex-3.9.9.tar.gz", hash = "sha256:7b5b7c5896f8172ea0beb283f7f9428e0ab88ec248ce0a5b8c98d73e26267d51"},
]
pyelftools = [
    {file = "pyelftools-0.27-py2.py3-none-any.whl", hash = "sha256:5609aa6da1123fccfae2e8431a67b4146aa7fad5b3889f808df12b110f230937"},
    {file = "pyelftools-0.27.tar.gz", hash = "sha256:cde854e662774c5457d688ca41615f6594187ba7067af101232df889a6b7a66b"},
]
pyinstaller = [
    {file = "pyinstaller-4.5.1-py3-none-macosx_10_13_universal2.whl", hash = "sha256:ecc2baadeeefd2b6fbf39d13c65d4aa603afdda1c6aaaebc4577ba72893fee9e"},
    {file = "pyinstaller-4.5.1-py3-none-manylinux2014_aarch64.whl", hash = "sha256:4d848cd782ee0893d7ad9fe2bfe535206a79f0b6760cecc5f2add831258b9322"},
    {file = "pyinstaller-4.5.1-py3-none-manylinux2014_i686.whl", hash = "sha256:8f747b190e6ad30e2d2fd5da9a64636f61aac8c038c0b7f685efa92c782ea14f"},
    {file = "pyinstaller-4.5.1-py3-none-manylinux2014_x86_64.whl", hash = "sha256:c587da8f521a7ce1b9efb4e3d0117cd63c92dc6cedff24590aeef89372f53012"},
    {file = "pyinstaller-4.5.1-py3-none-win32.whl", hash = "sha256:fed9f5e4802769a416a8f2ca171c6be961d1861cc05a0b71d20dfe05423137e9"},
    {file = "pyinstaller-4.5.1-py3-none-win_amd64.whl", hash = "sha256:aae456205c68355f9597411090576bb31b614e53976b4c102d072bbe5db8392a"},
    {file = "pyinstaller-4.5.1.tar.gz", hash = "sha256:30733baaf8971902286a0ddf77e5499ac5f7bf8e7c39163e83d4f8c696ef265e"},
]
pyinstaller-hooks-contrib = [
    {file = "pyinstaller-hooks-contrib-2020.10.tar.gz", hash = "sha256:bf4543a16c9c6e9dd2d70ea3fee78b81d3357a68f706df471d990213892259d9"},
    {file = "pyinstaller_hooks_contrib-2020.10-py2.py3-none-any.whl", hash = "sha256:dd752c88c1c7bb6920f7de248c12d4411c0463877e5e64afdc4f7e93dff9fc94"},
]
pykeepass = [
    {file = "pykeepass-4.0.1.tar.gz", hash = "sha256:eaa2a016c15a81beb6e253a8cb1fe64738b5fb4a28389dcdba621ea538dd814b"},
]
python-dateutil = [
    {file = "python-dateutil-2.8.1.tar.gz", hash = "sha256:73ebfe9dbf22e832286dafa60473e4cd239f8592f699aa5adaf10050e6e1823c"},
    {file = "python_dateutil-2.8.1-py2.py3-none-any.whl", hash = "sha256:75bb3f31ea686f1197762692a9ee6a7550b59fc6ca3a1f4b5d7e32fb98e2da2a"},
]
pywin32-ctypes = [
    {file = "pywin32-ctypes-0.2.0.tar.gz", hash = "sha256:24ffc3b341d457d48e8922352130cf2644024a4ff09762a2261fd34c36ee5942"},
    {file = "pywin32_ctypes-0.2.0-py2.py3-none-any.whl", hash = "sha256:9dc2d991b3479cc2df15930958b674a48a227d5361d413827a4cfd0b5876fc98"},
]
six = [
    {file = "six-1.15.0-py2.py3-none-any.whl", hash = "sha256:8b74bedcbbbaca38ff6d7491d76f2b06b3592611af620f8426e82dddb04a5ced"},
    {file = "six-1.15.0.tar.gz", hash = "sha256:30639c035cdb23534cd4aa2dd52c3bf48f06e5f4a941509c8bafd8ce11080259"},
]
staticx = [
    {file = "staticx-0.13.6-py3-none-manylinux1_x86_64.whl", hash = "sha256:c3e91cf71bd6aa86b1ab558bc464cdbc255bfff667f927f995a83bee3b18df70"},
    {file = "staticx-0.13.6.tar.gz", hash = "sha256:34a88480766416774cc70f6c2a192e2c1702ba5cfd3415f50e6358504bce7c85"},
]
